
Microsoft Visual Studio Solution File, Format Version 12.00
# Visual Studio 15
VisualStudioVersion = 15.0.26730.16
MinimumVisualStudioVersion = 10.0.40219.1
Project("{9A19103F-16F7-4668-BE54-9A1E7A4F7556}") = "Api", "Api\Api.csproj", "{3936F9E7-EE78-4590-A780-AEDD1F4686C8}"
EndProject
Project("{9A19103F-16F7-4668-BE54-9A1E7A4F7556}") = "Client", "Client\Client.csproj", "{BDB60B2D-9205-4245-ACB0-D053E729DAAC}"
EndProject
Project("{9A19103F-16F7-4668-BE54-9A1E7A4F7556}") = "Model", "Model\Model.csproj", "{4F4435ED-1D4D-40F4-AC14-06E5D5C02E79}"
EndProject
Project("{FAE04EC0-301F-11D3-BF4B-00C04F79EFBC}") = "Repositories", "Business\Repositories.csproj", "{A73CD11E-C091-44DF-9404-4DAD126F3AC1}"
EndProject
Project("{FAE04EC0-301F-11D3-BF4B-00C04F79EFBC}") = "Persistence", "Persistence\Persistence.csproj", "{BE55F721-4632-4FF5-8D1C-D269FD7F153C}"
EndProject
Project("{FAE04EC0-301F-11D3-BF4B-00C04F79EFBC}") = "Domain", "Domain\Domain.csproj", "{8619CF42-18D0-4D16-B52D-501576FB1D20}"
EndProject
Global
	GlobalSection(SolutionConfigurationPlatforms) = preSolution
		Debug|Any CPU = Debug|Any CPU
		Release|Any CPU = Release|Any CPU
	EndGlobalSection
	GlobalSection(ProjectConfigurationPlatforms) = postSolution
		{3936F9E7-EE78-4590-A780-AEDD1F4686C8}.Debug|Any CPU.ActiveCfg = Debug|Any CPU
		{3936F9E7-EE78-4590-A780-AEDD1F4686C8}.Debug|Any CPU.Build.0 = Debug|Any CPU
		{3936F9E7-EE78-4590-A780-AEDD1F4686C8}.Release|Any CPU.ActiveCfg = Release|Any CPU
		{3936F9E7-EE78-4590-A780-AEDD1F4686C8}.Release|Any CPU.Build.0 = Release|Any CPU
		{BDB60B2D-9205-4245-ACB0-D053E729DAAC}.Debug|Any CPU.ActiveCfg = Debug|Any CPU
		{BDB60B2D-9205-4245-ACB0-D053E729DAAC}.Debug|Any CPU.Build.0 = Debug|Any CPU
		{BDB60B2D-9205-4245-ACB0-D053E729DAAC}.Release|Any CPU.ActiveCfg = Release|Any CPU
		{BDB60B2D-9205-4245-ACB0-D053E729DAAC}.Release|Any CPU.Build.0 = Release|Any CPU
		{4F4435ED-1D4D-40F4-AC14-06E5D5C02E79}.Debug|Any CPU.ActiveCfg = Debug|Any CPU
		{4F4435ED-1D4D-40F4-AC14-06E5D5C02E79}.Debug|Any CPU.Build.0 = Debug|Any CPU
		{4F4435ED-1D4D-40F4-AC14-06E5D5C02E79}.Release|Any CPU.ActiveCfg = Release|Any CPU
		{4F4435ED-1D4D-40F4-AC14-06E5D5C02E79}.Release|Any CPU.Build.0 = Release|Any CPU
		{A73CD11E-C091-44DF-9404-4DAD126F3AC1}.Debug|Any CPU.ActiveCfg = Debug|Any CPU
		{A73CD11E-C091-44DF-9404-4DAD126F3AC1}.Debug|Any CPU.Build.0 = Debug|Any CPU
		{A73CD11E-C091-44DF-9404-4DAD126F3AC1}.Release|Any CPU.ActiveCfg = Release|Any CPU
		{A73CD11E-C091-44DF-9404-4DAD126F3AC1}.Release|Any CPU.Build.0 = Release|Any CPU
		{BE55F721-4632-4FF5-8D1C-D269FD7F153C}.Debug|Any CPU.ActiveCfg = Debug|Any CPU
		{BE55F721-4632-4FF5-8D1C-D269FD7F153C}.Debug|Any CPU.Build.0 = Debug|Any CPU
		{BE55F721-4632-4FF5-8D1C-D269FD7F153C}.Release|Any CPU.ActiveCfg = Release|Any CPU
		{BE55F721-4632-4FF5-8D1C-D269FD7F153C}.Release|Any CPU.Build.0 = Release|Any CPU
		{8619CF42-18D0-4D16-B52D-501576FB1D20}.Debug|Any CPU.ActiveCfg = Debug|Any CPU
		{8619CF42-18D0-4D16-B52D-501576FB1D20}.Debug|Any CPU.Build.0 = Debug|Any CPU
		{8619CF42-18D0-4D16-B52D-501576FB1D20}.Release|Any CPU.ActiveCfg = Release|Any CPU
		{8619CF42-18D0-4D16-B52D-501576FB1D20}.Release|Any CPU.Build.0 = Release|Any CPU
	EndGlobalSection
	GlobalSection(SolutionProperties) = preSolution
		HideSolutionNode = FALSE
	EndGlobalSection
	GlobalSection(ExtensibilityGlobals) = postSolution
		SolutionGuid = {8F431650-FB01-434A-A2F4-42BC3AAF51B0}
	EndGlobalSection
EndGlobal
